
Microsoft Visual Studio Solution File, Format Version 12.00
# Visual Studio Version 17
VisualStudioVersion = 17.0.32112.339
MinimumVisualStudioVersion = 10.0.40219.1
Project("{FAE04EC0-301F-11D3-BF4B-00C04F79EFBC}") = "Football Game", "Football Game\Football Game.csproj", "{2600FBA3-385D-4A9E-8A5E-951FB88727C2}"
EndProject
Global
	GlobalSection(SolutionConfigurationPlatforms) = preSolution
		Debug|Any CPU = Debug|Any CPU
		Release|Any CPU = Release|Any CPU
	EndGlobalSection
	GlobalSection(ProjectConfigurationPlatforms) = postSolution
		{2600FBA3-385D-4A9E-8A5E-951FB88727C2}.Debug|Any CPU.ActiveCfg = Debug|Any CPU
		{2600FBA3-385D-4A9E-8A5E-951FB88727C2}.Debug|Any CPU.Build.0 = Debug|Any CPU
		{2600FBA3-385D-4A9E-8A5E-951FB88727C2}.Release|Any CPU.ActiveCfg = Release|Any CPU
		{2600FBA3-385D-4A9E-8A5E-951FB88727C2}.Release|Any CPU.Build.0 = Release|Any CPU
	EndGlobalSection
	GlobalSection(SolutionProperties) = preSolution
		HideSolutionNode = FALSE
	EndGlobalSection
	GlobalSection(ExtensibilityGlobals) = postSolution
		SolutionGuid = {D3875E72-2569-4743-97EE-CE6834F0B9A8}
	EndGlobalSection
EndGlobal
